
Microsoft Visual Studio Solution File, Format Version 12.00
# Visual Studio Version 16
VisualStudioVersion = 16.0.29911.84
MinimumVisualStudioVersion = 10.0.40219.1
Project("{FAE04EC0-301F-11D3-BF4B-00C04F79EFBC}") = "FlightMobileAppServer", "FlightMobileAppServer\FlightMobileAppServer.csproj", "{B617140B-59C3-4C83-A0B7-4440100115D3}"
EndProject
Global
	GlobalSection(SolutionConfigurationPlatforms) = preSolution
		Debug|Any CPU = Debug|Any CPU
		Release|Any CPU = Release|Any CPU
	EndGlobalSection
	GlobalSection(ProjectConfigurationPlatforms) = postSolution
		{B617140B-59C3-4C83-A0B7-4440100115D3}.Debug|Any CPU.ActiveCfg = Debug|Any CPU
		{B617140B-59C3-4C83-A0B7-4440100115D3}.Debug|Any CPU.Build.0 = Debug|Any CPU
		{B617140B-59C3-4C83-A0B7-4440100115D3}.Release|Any CPU.ActiveCfg = Release|Any CPU
		{B617140B-59C3-4C83-A0B7-4440100115D3}.Release|Any CPU.Build.0 = Release|Any CPU
	EndGlobalSection
	GlobalSection(SolutionProperties) = preSolution
		HideSolutionNode = FALSE
	EndGlobalSection
	GlobalSection(ExtensibilityGlobals) = postSolution
		SolutionGuid = {D2E35D3A-65F9-4EF0-A586-395862181BD5}
	EndGlobalSection
EndGlobal
